
Microsoft Visual Studio Solution File, Format Version 12.00
# Visual Studio Version 17
VisualStudioVersion = 17.14.36518.9
MinimumVisualStudioVersion = 10.0.40219.1
Project("{2150E333-8FDC-42A3-9474-1A3956D46DE8}") = "API", "API", "{02EA681E-C7D8-13C7-8484-4AC65E1B71E8}"
EndProject
Project("{FAE04EC0-301F-11D3-BF4B-00C04F79EFBC}") = "APIGateway", "APIGateway\APIGateway.csproj", "{AFC94A8B-C056-49E3-A2DF-37F662C0EC4B}"
EndProject
Project("{2150E333-8FDC-42A3-9474-1A3956D46DE8}") = "Services", "Services", "{9D78EAD4-655C-4DE8-B755-6510C26F376D}"
EndProject
Project("{2150E333-8FDC-42A3-9474-1A3956D46DE8}") = "UserService", "UserService", "{B76A9AC6-9EF6-4C7E-A6D0-AE637B001D6E}"
	ProjectSection(SolutionItems) = preProject
		docker-compose.yml = docker-compose.yml
	EndProjectSection
EndProject
Project("{FAE04EC0-301F-11D3-BF4B-00C04F79EFBC}") = "User.API", "User.API\User.API.csproj", "{756952DB-E5A7-4E68-B328-2B9C81AEFA6B}"
EndProject
Project("{FAE04EC0-301F-11D3-BF4B-00C04F79EFBC}") = "User.Application", "User.Application\User.Application.csproj", "{1FC7198B-137A-47B2-8086-BF82BC6B77C4}"
EndProject
Project("{FAE04EC0-301F-11D3-BF4B-00C04F79EFBC}") = "User.Domain", "User.Domain\User.Domain.csproj", "{F98D0255-4251-464A-A600-A7930CE6520E}"
EndProject
Project("{FAE04EC0-301F-11D3-BF4B-00C04F79EFBC}") = "User.Infrastructure", "User.Infrastructure\User.Infrastructure.csproj", "{91B41482-D34A-43C6-ACB8-488AC7753B93}"
EndProject
Global
	GlobalSection(SolutionConfigurationPlatforms) = preSolution
		Debug|Any CPU = Debug|Any CPU
		Release|Any CPU = Release|Any CPU
	EndGlobalSection
	GlobalSection(ProjectConfigurationPlatforms) = postSolution
		{AFC94A8B-C056-49E3-A2DF-37F662C0EC4B}.Debug|Any CPU.ActiveCfg = Debug|Any CPU
		{AFC94A8B-C056-49E3-A2DF-37F662C0EC4B}.Debug|Any CPU.Build.0 = Debug|Any CPU
		{AFC94A8B-C056-49E3-A2DF-37F662C0EC4B}.Release|Any CPU.ActiveCfg = Release|Any CPU
		{AFC94A8B-C056-49E3-A2DF-37F662C0EC4B}.Release|Any CPU.Build.0 = Release|Any CPU
		{756952DB-E5A7-4E68-B328-2B9C81AEFA6B}.Debug|Any CPU.ActiveCfg = Debug|Any CPU
		{756952DB-E5A7-4E68-B328-2B9C81AEFA6B}.Debug|Any CPU.Build.0 = Debug|Any CPU
		{756952DB-E5A7-4E68-B328-2B9C81AEFA6B}.Release|Any CPU.ActiveCfg = Release|Any CPU
		{756952DB-E5A7-4E68-B328-2B9C81AEFA6B}.Release|Any CPU.Build.0 = Release|Any CPU
		{1FC7198B-137A-47B2-8086-BF82BC6B77C4}.Debug|Any CPU.ActiveCfg = Debug|Any CPU
		{1FC7198B-137A-47B2-8086-BF82BC6B77C4}.Debug|Any CPU.Build.0 = Debug|Any CPU
		{1FC7198B-137A-47B2-8086-BF82BC6B77C4}.Release|Any CPU.ActiveCfg = Release|Any CPU
		{1FC7198B-137A-47B2-8086-BF82BC6B77C4}.Release|Any CPU.Build.0 = Release|Any CPU
		{F98D0255-4251-464A-A600-A7930CE6520E}.Debug|Any CPU.ActiveCfg = Debug|Any CPU
		{F98D0255-4251-464A-A600-A7930CE6520E}.Debug|Any CPU.Build.0 = Debug|Any CPU
		{F98D0255-4251-464A-A600-A7930CE6520E}.Release|Any CPU.ActiveCfg = Release|Any CPU
		{F98D0255-4251-464A-A600-A7930CE6520E}.Release|Any CPU.Build.0 = Release|Any CPU
		{91B41482-D34A-43C6-ACB8-488AC7753B93}.Debug|Any CPU.ActiveCfg = Debug|Any CPU
		{91B41482-D34A-43C6-ACB8-488AC7753B93}.Debug|Any CPU.Build.0 = Debug|Any CPU
		{91B41482-D34A-43C6-ACB8-488AC7753B93}.Release|Any CPU.ActiveCfg = Release|Any CPU
		{91B41482-D34A-43C6-ACB8-488AC7753B93}.Release|Any CPU.Build.0 = Release|Any CPU
	EndGlobalSection
	GlobalSection(SolutionProperties) = preSolution
		HideSolutionNode = FALSE
	EndGlobalSection
	GlobalSection(NestedProjects) = preSolution
		{AFC94A8B-C056-49E3-A2DF-37F662C0EC4B} = {02EA681E-C7D8-13C7-8484-4AC65E1B71E8}
		{B76A9AC6-9EF6-4C7E-A6D0-AE637B001D6E} = {9D78EAD4-655C-4DE8-B755-6510C26F376D}
		{756952DB-E5A7-4E68-B328-2B9C81AEFA6B} = {B76A9AC6-9EF6-4C7E-A6D0-AE637B001D6E}
		{1FC7198B-137A-47B2-8086-BF82BC6B77C4} = {B76A9AC6-9EF6-4C7E-A6D0-AE637B001D6E}
		{F98D0255-4251-464A-A600-A7930CE6520E} = {B76A9AC6-9EF6-4C7E-A6D0-AE637B001D6E}
		{91B41482-D34A-43C6-ACB8-488AC7753B93} = {B76A9AC6-9EF6-4C7E-A6D0-AE637B001D6E}
	EndGlobalSection
	GlobalSection(ExtensibilityGlobals) = postSolution
		SolutionGuid = {120E1644-3FB9-4D86-9F2B-70A4317A112E}
	EndGlobalSection
EndGlobal
